
Microsoft Visual Studio Solution File, Format Version 12.00
# Visual Studio Version 16
VisualStudioVersion = 16.0.29609.76
MinimumVisualStudioVersion = 10.0.40219.1
Project("{9A19103F-16F7-4668-BE54-9A1E7A4F7556}") = "Contacts", "Contacts\Contacts.csproj", "{CE2831CB-5B74-4004-A41F-A3F581915544}"
EndProject
Project("{FAE04EC0-301F-11D3-BF4B-00C04F79EFBC}") = "DataAccessLayer", "DataAccessLayer\DataAccessLayer.csproj", "{C03D12EC-21C1-4F5F-976A-B24E5DCB90DD}"
EndProject
Project("{FAE04EC0-301F-11D3-BF4B-00C04F79EFBC}") = "BusinessLayer", "BusinessLayer\BusinessLayer.csproj", "{400EBD05-8478-46E6-A76A-591C3D0C69F7}"
EndProject
Global
	GlobalSection(SolutionConfigurationPlatforms) = preSolution
		Debug|Any CPU = Debug|Any CPU
		Release|Any CPU = Release|Any CPU
	EndGlobalSection
	GlobalSection(ProjectConfigurationPlatforms) = postSolution
		{CE2831CB-5B74-4004-A41F-A3F581915544}.Debug|Any CPU.ActiveCfg = Debug|Any CPU
		{CE2831CB-5B74-4004-A41F-A3F581915544}.Debug|Any CPU.Build.0 = Debug|Any CPU
		{CE2831CB-5B74-4004-A41F-A3F581915544}.Release|Any CPU.ActiveCfg = Release|Any CPU
		{CE2831CB-5B74-4004-A41F-A3F581915544}.Release|Any CPU.Build.0 = Release|Any CPU
		{C03D12EC-21C1-4F5F-976A-B24E5DCB90DD}.Debug|Any CPU.ActiveCfg = Debug|Any CPU
		{C03D12EC-21C1-4F5F-976A-B24E5DCB90DD}.Debug|Any CPU.Build.0 = Debug|Any CPU
		{C03D12EC-21C1-4F5F-976A-B24E5DCB90DD}.Release|Any CPU.ActiveCfg = Release|Any CPU
		{C03D12EC-21C1-4F5F-976A-B24E5DCB90DD}.Release|Any CPU.Build.0 = Release|Any CPU
		{400EBD05-8478-46E6-A76A-591C3D0C69F7}.Debug|Any CPU.ActiveCfg = Debug|Any CPU
		{400EBD05-8478-46E6-A76A-591C3D0C69F7}.Debug|Any CPU.Build.0 = Debug|Any CPU
		{400EBD05-8478-46E6-A76A-591C3D0C69F7}.Release|Any CPU.ActiveCfg = Release|Any CPU
		{400EBD05-8478-46E6-A76A-591C3D0C69F7}.Release|Any CPU.Build.0 = Release|Any CPU
	EndGlobalSection
	GlobalSection(SolutionProperties) = preSolution
		HideSolutionNode = FALSE
	EndGlobalSection
	GlobalSection(ExtensibilityGlobals) = postSolution
		SolutionGuid = {B3F7CA8B-C37D-4C94-8C00-1A70B942281E}
	EndGlobalSection
EndGlobal
